
Microsoft Visual Studio Solution File, Format Version 12.00
# Visual Studio 14
VisualStudioVersion = 14.0.25420.1
MinimumVisualStudioVersion = 10.0.40219.1
Project("{FAE04EC0-301F-11D3-BF4B-00C04F79EFBC}") = "Encrypt", ".\Encrypt\Encrypt.csproj", "{845A5179-B842-4EB5-A32C-CB67340C581E}"
EndProject
Project("{FAE04EC0-301F-11D3-BF4B-00C04F79EFBC}") = "Decrypt", ".\Decrypt\Decrypt.csproj", "{00262FD1-BA33-4406-8CDE-CC764CE0E427}"
EndProject
Global
	GlobalSection(SolutionConfigurationPlatforms) = preSolution
		Debug|Any CPU = Debug|Any CPU
		Release|Any CPU = Release|Any CPU
	EndGlobalSection
	GlobalSection(ProjectConfigurationPlatforms) = postSolution
		{845A5179-B842-4EB5-A32C-CB67340C581E}.Debug|Any CPU.ActiveCfg = Debug|Any CPU
		{845A5179-B842-4EB5-A32C-CB67340C581E}.Debug|Any CPU.Build.0 = Debug|Any CPU
		{845A5179-B842-4EB5-A32C-CB67340C581E}.Release|Any CPU.ActiveCfg = Release|Any CPU
		{845A5179-B842-4EB5-A32C-CB67340C581E}.Release|Any CPU.Build.0 = Release|Any CPU
		{00262FD1-BA33-4406-8CDE-CC764CE0E427}.Debug|Any CPU.ActiveCfg = Debug|Any CPU
		{00262FD1-BA33-4406-8CDE-CC764CE0E427}.Debug|Any CPU.Build.0 = Debug|Any CPU
		{00262FD1-BA33-4406-8CDE-CC764CE0E427}.Release|Any CPU.ActiveCfg = Release|Any CPU
		{00262FD1-BA33-4406-8CDE-CC764CE0E427}.Release|Any CPU.Build.0 = Release|Any CPU
	EndGlobalSection
	GlobalSection(SolutionProperties) = preSolution
		HideSolutionNode = FALSE
	EndGlobalSection
EndGlobal
